
Microsoft Visual Studio Solution File, Format Version 12.00
# Visual Studio 15
VisualStudioVersion = 15.0.26403.3
MinimumVisualStudioVersion = 10.0.40219.1
Project("{FAE04EC0-301F-11D3-BF4B-00C04F79EFBC}") = "Backend", "Backend\Backend.csproj", "{0ED380D9-AEC4-4147-91A2-222581A14923}"
EndProject
Project("{FAE04EC0-301F-11D3-BF4B-00C04F79EFBC}") = "UnitTests4Backend", "UnitTests4Backend\UnitTests4Backend.csproj", "{78CF968C-630D-49D5-A590-65CAF7691BB5}"
EndProject
Project("{FAE04EC0-301F-11D3-BF4B-00C04F79EFBC}") = "ServiceHelpers", "LiveCam\ServiceHelpers\ServiceHelpers.csproj", "{5D9320AF-A9E4-48E3-89BC-9F7F0954B298}"
EndProject
Project("{FAE04EC0-301F-11D3-BF4B-00C04F79EFBC}") = "Microsoft.ProjectOxford.Face", "LiveCam\Microsoft.ProjectOxford.Face\Microsoft.ProjectOxford.Face.csproj", "{25D58BA5-660F-407B-803C-22B4547C09DC}"
EndProject
Project("{FAE04EC0-301F-11D3-BF4B-00C04F79EFBC}") = "LiveCam.Droid", "LiveCam\LiveCam.Droid\LiveCam.Droid.csproj", "{CC79E560-3B15-4CAE-B6EC-79168F079E63}"
EndProject
Project("{D954291E-2A0B-460D-934E-DC6B0785DB48}") = "LiveCam.Shared", "LiveCam\LiveCam.Shared\LiveCam.Shared.shproj", "{B0AE8996-B543-4880-904E-129E5BF8174D}"
EndProject
Global
	GlobalSection(SharedMSBuildProjectFiles) = preSolution
		LiveCam\LiveCam.Shared\LiveCam.Shared.projitems*{b0ae8996-b543-4880-904e-129e5bf8174d}*SharedItemsImports = 13
		LiveCam\LiveCam.Shared\LiveCam.Shared.projitems*{cc79e560-3b15-4cae-b6ec-79168f079e63}*SharedItemsImports = 4
	EndGlobalSection
	GlobalSection(SolutionConfigurationPlatforms) = preSolution
		Ad-Hoc|Any CPU = Ad-Hoc|Any CPU
		Ad-Hoc|ARM = Ad-Hoc|ARM
		Ad-Hoc|iPhone = Ad-Hoc|iPhone
		Ad-Hoc|iPhoneSimulator = Ad-Hoc|iPhoneSimulator
		Ad-Hoc|x64 = Ad-Hoc|x64
		Ad-Hoc|x86 = Ad-Hoc|x86
		AppStore|Any CPU = AppStore|Any CPU
		AppStore|ARM = AppStore|ARM
		AppStore|iPhone = AppStore|iPhone
		AppStore|iPhoneSimulator = AppStore|iPhoneSimulator
		AppStore|x64 = AppStore|x64
		AppStore|x86 = AppStore|x86
		Debug|Any CPU = Debug|Any CPU
		Debug|ARM = Debug|ARM
		Debug|iPhone = Debug|iPhone
		Debug|iPhoneSimulator = Debug|iPhoneSimulator
		Debug|x64 = Debug|x64
		Debug|x86 = Debug|x86
		Release|Any CPU = Release|Any CPU
		Release|ARM = Release|ARM
		Release|iPhone = Release|iPhone
		Release|iPhoneSimulator = Release|iPhoneSimulator
		Release|x64 = Release|x64
		Release|x86 = Release|x86
	EndGlobalSection
	GlobalSection(ProjectConfigurationPlatforms) = postSolution
		{0ED380D9-AEC4-4147-91A2-222581A14923}.Ad-Hoc|Any CPU.ActiveCfg = Release|Any CPU
		{0ED380D9-AEC4-4147-91A2-222581A14923}.Ad-Hoc|Any CPU.Build.0 = Release|Any CPU
		{0ED380D9-AEC4-4147-91A2-222581A14923}.Ad-Hoc|ARM.ActiveCfg = Release|Any CPU
		{0ED380D9-AEC4-4147-91A2-222581A14923}.Ad-Hoc|ARM.Build.0 = Release|Any CPU
		{0ED380D9-AEC4-4147-91A2-222581A14923}.Ad-Hoc|iPhone.ActiveCfg = Release|Any CPU
		{0ED380D9-AEC4-4147-91A2-222581A14923}.Ad-Hoc|iPhone.Build.0 = Release|Any CPU
		{0ED380D9-AEC4-4147-91A2-222581A14923}.Ad-Hoc|iPhoneSimulator.ActiveCfg = Release|Any CPU
		{0ED380D9-AEC4-4147-91A2-222581A14923}.Ad-Hoc|iPhoneSimulator.Build.0 = Release|Any CPU
		{0ED380D9-AEC4-4147-91A2-222581A14923}.Ad-Hoc|x64.ActiveCfg = Release|Any CPU
		{0ED380D9-AEC4-4147-91A2-222581A14923}.Ad-Hoc|x64.Build.0 = Release|Any CPU
		{0ED380D9-AEC4-4147-91A2-222581A14923}.Ad-Hoc|x86.ActiveCfg = Release|Any CPU
		{0ED380D9-AEC4-4147-91A2-222581A14923}.Ad-Hoc|x86.Build.0 = Release|Any CPU
		{0ED380D9-AEC4-4147-91A2-222581A14923}.AppStore|Any CPU.ActiveCfg = Release|Any CPU
		{0ED380D9-AEC4-4147-91A2-222581A14923}.AppStore|Any CPU.Build.0 = Release|Any CPU
		{0ED380D9-AEC4-4147-91A2-222581A14923}.AppStore|ARM.ActiveCfg = Release|Any CPU
		{0ED380D9-AEC4-4147-91A2-222581A14923}.AppStore|ARM.Build.0 = Release|Any CPU
		{0ED380D9-AEC4-4147-91A2-222581A14923}.AppStore|iPhone.ActiveCfg = Release|Any CPU
		{0ED380D9-AEC4-4147-91A2-222581A14923}.AppStore|iPhone.Build.0 = Release|Any CPU
		{0ED380D9-AEC4-4147-91A2-222581A14923}.AppStore|iPhoneSimulator.ActiveCfg = Release|Any CPU
		{0ED380D9-AEC4-4147-91A2-222581A14923}.AppStore|iPhoneSimulator.Build.0 = Release|Any CPU
		{0ED380D9-AEC4-4147-91A2-222581A14923}.AppStore|x64.ActiveCfg = Release|Any CPU
		{0ED380D9-AEC4-4147-91A2-222581A14923}.AppStore|x64.Build.0 = Release|Any CPU
		{0ED380D9-AEC4-4147-91A2-222581A14923}.AppStore|x86.ActiveCfg = Release|Any CPU
		{0ED380D9-AEC4-4147-91A2-222581A14923}.AppStore|x86.Build.0 = Release|Any CPU
		{0ED380D9-AEC4-4147-91A2-222581A14923}.Debug|Any CPU.ActiveCfg = Debug|Any CPU
		{0ED380D9-AEC4-4147-91A2-222581A14923}.Debug|Any CPU.Build.0 = Debug|Any CPU
		{0ED380D9-AEC4-4147-91A2-222581A14923}.Debug|ARM.ActiveCfg = Debug|Any CPU
		{0ED380D9-AEC4-4147-91A2-222581A14923}.Debug|ARM.Build.0 = Debug|Any CPU
		{0ED380D9-AEC4-4147-91A2-222581A14923}.Debug|iPhone.ActiveCfg = Debug|Any CPU
		{0ED380D9-AEC4-4147-91A2-222581A14923}.Debug|iPhone.Build.0 = Debug|Any CPU
		{0ED380D9-AEC4-4147-91A2-222581A14923}.Debug|iPhoneSimulator.ActiveCfg = Debug|Any CPU
		{0ED380D9-AEC4-4147-91A2-222581A14923}.Debug|iPhoneSimulator.Build.0 = Debug|Any CPU
		{0ED380D9-AEC4-4147-91A2-222581A14923}.Debug|x64.ActiveCfg = Debug|Any CPU
		{0ED380D9-AEC4-4147-91A2-222581A14923}.Debug|x64.Build.0 = Debug|Any CPU
		{0ED380D9-AEC4-4147-91A2-222581A14923}.Debug|x86.ActiveCfg = Debug|Any CPU
		{0ED380D9-AEC4-4147-91A2-222581A14923}.Debug|x86.Build.0 = Debug|Any CPU
		{0ED380D9-AEC4-4147-91A2-222581A14923}.Release|Any CPU.ActiveCfg = Release|Any CPU
		{0ED380D9-AEC4-4147-91A2-222581A14923}.Release|Any CPU.Build.0 = Release|Any CPU
		{0ED380D9-AEC4-4147-91A2-222581A14923}.Release|ARM.ActiveCfg = Release|Any CPU
		{0ED380D9-AEC4-4147-91A2-222581A14923}.Release|ARM.Build.0 = Release|Any CPU
		{0ED380D9-AEC4-4147-91A2-222581A14923}.Release|iPhone.ActiveCfg = Release|Any CPU
		{0ED380D9-AEC4-4147-91A2-222581A14923}.Release|iPhone.Build.0 = Release|Any CPU
		{0ED380D9-AEC4-4147-91A2-222581A14923}.Release|iPhoneSimulator.ActiveCfg = Release|Any CPU
		{0ED380D9-AEC4-4147-91A2-222581A14923}.Release|iPhoneSimulator.Build.0 = Release|Any CPU
		{0ED380D9-AEC4-4147-91A2-222581A14923}.Release|x64.ActiveCfg = Release|Any CPU
		{0ED380D9-AEC4-4147-91A2-222581A14923}.Release|x64.Build.0 = Release|Any CPU
		{0ED380D9-AEC4-4147-91A2-222581A14923}.Release|x86.ActiveCfg = Release|Any CPU
		{0ED380D9-AEC4-4147-91A2-222581A14923}.Release|x86.Build.0 = Release|Any CPU
		{78CF968C-630D-49D5-A590-65CAF7691BB5}.Ad-Hoc|Any CPU.ActiveCfg = Release|Any CPU
		{78CF968C-630D-49D5-A590-65CAF7691BB5}.Ad-Hoc|Any CPU.Build.0 = Release|Any CPU
		{78CF968C-630D-49D5-A590-65CAF7691BB5}.Ad-Hoc|ARM.ActiveCfg = Release|Any CPU
		{78CF968C-630D-49D5-A590-65CAF7691BB5}.Ad-Hoc|ARM.Build.0 = Release|Any CPU
		{78CF968C-630D-49D5-A590-65CAF7691BB5}.Ad-Hoc|iPhone.ActiveCfg = Release|Any CPU
		{78CF968C-630D-49D5-A590-65CAF7691BB5}.Ad-Hoc|iPhone.Build.0 = Release|Any CPU
		{78CF968C-630D-49D5-A590-65CAF7691BB5}.Ad-Hoc|iPhoneSimulator.ActiveCfg = Release|Any CPU
		{78CF968C-630D-49D5-A590-65CAF7691BB5}.Ad-Hoc|iPhoneSimulator.Build.0 = Release|Any CPU
		{78CF968C-630D-49D5-A590-65CAF7691BB5}.Ad-Hoc|x64.ActiveCfg = Release|Any CPU
		{78CF968C-630D-49D5-A590-65CAF7691BB5}.Ad-Hoc|x64.Build.0 = Release|Any CPU
		{78CF968C-630D-49D5-A590-65CAF7691BB5}.Ad-Hoc|x86.ActiveCfg = Release|Any CPU
		{78CF968C-630D-49D5-A590-65CAF7691BB5}.Ad-Hoc|x86.Build.0 = Release|Any CPU
		{78CF968C-630D-49D5-A590-65CAF7691BB5}.AppStore|Any CPU.ActiveCfg = Release|Any CPU
		{78CF968C-630D-49D5-A590-65CAF7691BB5}.AppStore|Any CPU.Build.0 = Release|Any CPU
		{78CF968C-630D-49D5-A590-65CAF7691BB5}.AppStore|ARM.ActiveCfg = Release|Any CPU
		{78CF968C-630D-49D5-A590-65CAF7691BB5}.AppStore|ARM.Build.0 = Release|Any CPU
		{78CF968C-630D-49D5-A590-65CAF7691BB5}.AppStore|iPhone.ActiveCfg = Release|Any CPU
		{78CF968C-630D-49D5-A590-65CAF7691BB5}.AppStore|iPhone.Build.0 = Release|Any CPU
		{78CF968C-630D-49D5-A590-65CAF7691BB5}.AppStore|iPhoneSimulator.ActiveCfg = Release|Any CPU
		{78CF968C-630D-49D5-A590-65CAF7691BB5}.AppStore|iPhoneSimulator.Build.0 = Release|Any CPU
		{78CF968C-630D-49D5-A590-65CAF7691BB5}.AppStore|x64.ActiveCfg = Release|Any CPU
		{78CF968C-630D-49D5-A590-65CAF7691BB5}.AppStore|x64.Build.0 = Release|Any CPU
		{78CF968C-630D-49D5-A590-65CAF7691BB5}.AppStore|x86.ActiveCfg = Release|Any CPU
		{78CF968C-630D-49D5-A590-65CAF7691BB5}.AppStore|x86.Build.0 = Release|Any CPU
		{78CF968C-630D-49D5-A590-65CAF7691BB5}.Debug|Any CPU.ActiveCfg = Debug|Any CPU
		{78CF968C-630D-49D5-A590-65CAF7691BB5}.Debug|Any CPU.Build.0 = Debug|Any CPU
		{78CF968C-630D-49D5-A590-65CAF7691BB5}.Debug|ARM.ActiveCfg = Debug|Any CPU
		{78CF968C-630D-49D5-A590-65CAF7691BB5}.Debug|ARM.Build.0 = Debug|Any CPU
		{78CF968C-630D-49D5-A590-65CAF7691BB5}.Debug|iPhone.ActiveCfg = Debug|Any CPU
		{78CF968C-630D-49D5-A590-65CAF7691BB5}.Debug|iPhone.Build.0 = Debug|Any CPU
		{78CF968C-630D-49D5-A590-65CAF7691BB5}.Debug|iPhoneSimulator.ActiveCfg = Debug|Any CPU
		{78CF968C-630D-49D5-A590-65CAF7691BB5}.Debug|iPhoneSimulator.Build.0 = Debug|Any CPU
		{78CF968C-630D-49D5-A590-65CAF7691BB5}.Debug|x64.ActiveCfg = Debug|Any CPU
		{78CF968C-630D-49D5-A590-65CAF7691BB5}.Debug|x64.Build.0 = Debug|Any CPU
		{78CF968C-630D-49D5-A590-65CAF7691BB5}.Debug|x86.ActiveCfg = Debug|Any CPU
		{78CF968C-630D-49D5-A590-65CAF7691BB5}.Debug|x86.Build.0 = Debug|Any CPU
		{78CF968C-630D-49D5-A590-65CAF7691BB5}.Release|Any CPU.ActiveCfg = Release|Any CPU
		{78CF968C-630D-49D5-A590-65CAF7691BB5}.Release|Any CPU.Build.0 = Release|Any CPU
		{78CF968C-630D-49D5-A590-65CAF7691BB5}.Release|ARM.ActiveCfg = Release|Any CPU
		{78CF968C-630D-49D5-A590-65CAF7691BB5}.Release|ARM.Build.0 = Release|Any CPU
		{78CF968C-630D-49D5-A590-65CAF7691BB5}.Release|iPhone.ActiveCfg = Release|Any CPU
		{78CF968C-630D-49D5-A590-65CAF7691BB5}.Release|iPhone.Build.0 = Release|Any CPU
		{78CF968C-630D-49D5-A590-65CAF7691BB5}.Release|iPhoneSimulator.ActiveCfg = Release|Any CPU
		{78CF968C-630D-49D5-A590-65CAF7691BB5}.Release|iPhoneSimulator.Build.0 = Release|Any CPU
		{78CF968C-630D-49D5-A590-65CAF7691BB5}.Release|x64.ActiveCfg = Release|Any CPU
		{78CF968C-630D-49D5-A590-65CAF7691BB5}.Release|x64.Build.0 = Release|Any CPU
		{78CF968C-630D-49D5-A590-65CAF7691BB5}.Release|x86.ActiveCfg = Release|Any CPU
		{78CF968C-630D-49D5-A590-65CAF7691BB5}.Release|x86.Build.0 = Release|Any CPU
		{5D9320AF-A9E4-48E3-89BC-9F7F0954B298}.Ad-Hoc|Any CPU.ActiveCfg = Release|Any CPU
		{5D9320AF-A9E4-48E3-89BC-9F7F0954B298}.Ad-Hoc|Any CPU.Build.0 = Release|Any CPU
		{5D9320AF-A9E4-48E3-89BC-9F7F0954B298}.Ad-Hoc|ARM.ActiveCfg = Debug|Any CPU
		{5D9320AF-A9E4-48E3-89BC-9F7F0954B298}.Ad-Hoc|ARM.Build.0 = Debug|Any CPU
		{5D9320AF-A9E4-48E3-89BC-9F7F0954B298}.Ad-Hoc|iPhone.ActiveCfg = Release|Any CPU
		{5D9320AF-A9E4-48E3-89BC-9F7F0954B298}.Ad-Hoc|iPhone.Build.0 = Release|Any CPU
		{5D9320AF-A9E4-48E3-89BC-9F7F0954B298}.Ad-Hoc|iPhoneSimulator.ActiveCfg = Release|Any CPU
		{5D9320AF-A9E4-48E3-89BC-9F7F0954B298}.Ad-Hoc|iPhoneSimulator.Build.0 = Release|Any CPU
		{5D9320AF-A9E4-48E3-89BC-9F7F0954B298}.Ad-Hoc|x64.ActiveCfg = Debug|Any CPU
		{5D9320AF-A9E4-48E3-89BC-9F7F0954B298}.Ad-Hoc|x64.Build.0 = Debug|Any CPU
		{5D9320AF-A9E4-48E3-89BC-9F7F0954B298}.Ad-Hoc|x86.ActiveCfg = Debug|Any CPU
		{5D9320AF-A9E4-48E3-89BC-9F7F0954B298}.Ad-Hoc|x86.Build.0 = Debug|Any CPU
		{5D9320AF-A9E4-48E3-89BC-9F7F0954B298}.AppStore|Any CPU.ActiveCfg = Release|Any CPU
		{5D9320AF-A9E4-48E3-89BC-9F7F0954B298}.AppStore|Any CPU.Build.0 = Release|Any CPU
		{5D9320AF-A9E4-48E3-89BC-9F7F0954B298}.AppStore|ARM.ActiveCfg = Debug|Any CPU
		{5D9320AF-A9E4-48E3-89BC-9F7F0954B298}.AppStore|ARM.Build.0 = Debug|Any CPU
		{5D9320AF-A9E4-48E3-89BC-9F7F0954B298}.AppStore|iPhone.ActiveCfg = Release|Any CPU
		{5D9320AF-A9E4-48E3-89BC-9F7F0954B298}.AppStore|iPhone.Build.0 = Release|Any CPU
		{5D9320AF-A9E4-48E3-89BC-9F7F0954B298}.AppStore|iPhoneSimulator.ActiveCfg = Release|Any CPU
		{5D9320AF-A9E4-48E3-89BC-9F7F0954B298}.AppStore|iPhoneSimulator.Build.0 = Release|Any CPU
		{5D9320AF-A9E4-48E3-89BC-9F7F0954B298}.AppStore|x64.ActiveCfg = Debug|Any CPU
		{5D9320AF-A9E4-48E3-89BC-9F7F0954B298}.AppStore|x64.Build.0 = Debug|Any CPU
		{5D9320AF-A9E4-48E3-89BC-9F7F0954B298}.AppStore|x86.ActiveCfg = Debug|Any CPU
		{5D9320AF-A9E4-48E3-89BC-9F7F0954B298}.AppStore|x86.Build.0 = Debug|Any CPU
		{5D9320AF-A9E4-48E3-89BC-9F7F0954B298}.Debug|Any CPU.ActiveCfg = Debug|Any CPU
		{5D9320AF-A9E4-48E3-89BC-9F7F0954B298}.Debug|Any CPU.Build.0 = Debug|Any CPU
		{5D9320AF-A9E4-48E3-89BC-9F7F0954B298}.Debug|ARM.ActiveCfg = Debug|Any CPU
		{5D9320AF-A9E4-48E3-89BC-9F7F0954B298}.Debug|ARM.Build.0 = Debug|Any CPU
		{5D9320AF-A9E4-48E3-89BC-9F7F0954B298}.Debug|iPhone.ActiveCfg = Debug|Any CPU
		{5D9320AF-A9E4-48E3-89BC-9F7F0954B298}.Debug|iPhone.Build.0 = Debug|Any CPU
		{5D9320AF-A9E4-48E3-89BC-9F7F0954B298}.Debug|iPhoneSimulator.ActiveCfg = Debug|Any CPU
		{5D9320AF-A9E4-48E3-89BC-9F7F0954B298}.Debug|iPhoneSimulator.Build.0 = Debug|Any CPU
		{5D9320AF-A9E4-48E3-89BC-9F7F0954B298}.Debug|x64.ActiveCfg = Debug|Any CPU
		{5D9320AF-A9E4-48E3-89BC-9F7F0954B298}.Debug|x64.Build.0 = Debug|Any CPU
		{5D9320AF-A9E4-48E3-89BC-9F7F0954B298}.Debug|x86.ActiveCfg = Debug|Any CPU
		{5D9320AF-A9E4-48E3-89BC-9F7F0954B298}.Debug|x86.Build.0 = Debug|Any CPU
		{5D9320AF-A9E4-48E3-89BC-9F7F0954B298}.Release|Any CPU.ActiveCfg = Release|Any CPU
		{5D9320AF-A9E4-48E3-89BC-9F7F0954B298}.Release|Any CPU.Build.0 = Release|Any CPU
		{5D9320AF-A9E4-48E3-89BC-9F7F0954B298}.Release|ARM.ActiveCfg = Release|Any CPU
		{5D9320AF-A9E4-48E3-89BC-9F7F0954B298}.Release|ARM.Build.0 = Release|Any CPU
		{5D9320AF-A9E4-48E3-89BC-9F7F0954B298}.Release|iPhone.ActiveCfg = Release|Any CPU
		{5D9320AF-A9E4-48E3-89BC-9F7F0954B298}.Release|iPhone.Build.0 = Release|Any CPU
		{5D9320AF-A9E4-48E3-89BC-9F7F0954B298}.Release|iPhoneSimulator.ActiveCfg = Release|Any CPU
		{5D9320AF-A9E4-48E3-89BC-9F7F0954B298}.Release|iPhoneSimulator.Build.0 = Release|Any CPU
		{5D9320AF-A9E4-48E3-89BC-9F7F0954B298}.Release|x64.ActiveCfg = Release|Any CPU
		{5D9320AF-A9E4-48E3-89BC-9F7F0954B298}.Release|x64.Build.0 = Release|Any CPU
		{5D9320AF-A9E4-48E3-89BC-9F7F0954B298}.Release|x86.ActiveCfg = Release|Any CPU
		{5D9320AF-A9E4-48E3-89BC-9F7F0954B298}.Release|x86.Build.0 = Release|Any CPU
		{25D58BA5-660F-407B-803C-22B4547C09DC}.Ad-Hoc|Any CPU.ActiveCfg = Release|Any CPU
		{25D58BA5-660F-407B-803C-22B4547C09DC}.Ad-Hoc|Any CPU.Build.0 = Release|Any CPU
		{25D58BA5-660F-407B-803C-22B4547C09DC}.Ad-Hoc|ARM.ActiveCfg = Debug|Any CPU
		{25D58BA5-660F-407B-803C-22B4547C09DC}.Ad-Hoc|ARM.Build.0 = Debug|Any CPU
		{25D58BA5-660F-407B-803C-22B4547C09DC}.Ad-Hoc|iPhone.ActiveCfg = Release|Any CPU
		{25D58BA5-660F-407B-803C-22B4547C09DC}.Ad-Hoc|iPhone.Build.0 = Release|Any CPU
		{25D58BA5-660F-407B-803C-22B4547C09DC}.Ad-Hoc|iPhoneSimulator.ActiveCfg = Release|Any CPU
		{25D58BA5-660F-407B-803C-22B4547C09DC}.Ad-Hoc|iPhoneSimulator.Build.0 = Release|Any CPU
		{25D58BA5-660F-407B-803C-22B4547C09DC}.Ad-Hoc|x64.ActiveCfg = Debug|Any CPU
		{25D58BA5-660F-407B-803C-22B4547C09DC}.Ad-Hoc|x64.Build.0 = Debug|Any CPU
		{25D58BA5-660F-407B-803C-22B4547C09DC}.Ad-Hoc|x86.ActiveCfg = Debug|Any CPU
		{25D58BA5-660F-407B-803C-22B4547C09DC}.Ad-Hoc|x86.Build.0 = Debug|Any CPU
		{25D58BA5-660F-407B-803C-22B4547C09DC}.AppStore|Any CPU.ActiveCfg = Release|Any CPU
		{25D58BA5-660F-407B-803C-22B4547C09DC}.AppStore|Any CPU.Build.0 = Release|Any CPU
		{25D58BA5-660F-407B-803C-22B4547C09DC}.AppStore|ARM.ActiveCfg = Debug|Any CPU
		{25D58BA5-660F-407B-803C-22B4547C09DC}.AppStore|ARM.Build.0 = Debug|Any CPU
		{25D58BA5-660F-407B-803C-22B4547C09DC}.AppStore|iPhone.ActiveCfg = Release|Any CPU
		{25D58BA5-660F-407B-803C-22B4547C09DC}.AppStore|iPhone.Build.0 = Release|Any CPU
		{25D58BA5-660F-407B-803C-22B4547C09DC}.AppStore|iPhoneSimulator.ActiveCfg = Release|Any CPU
		{25D58BA5-660F-407B-803C-22B4547C09DC}.AppStore|iPhoneSimulator.Build.0 = Release|Any CPU
		{25D58BA5-660F-407B-803C-22B4547C09DC}.AppStore|x64.ActiveCfg = Debug|Any CPU
		{25D58BA5-660F-407B-803C-22B4547C09DC}.AppStore|x64.Build.0 = Debug|Any CPU
		{25D58BA5-660F-407B-803C-22B4547C09DC}.AppStore|x86.ActiveCfg = Debug|Any CPU
		{25D58BA5-660F-407B-803C-22B4547C09DC}.AppStore|x86.Build.0 = Debug|Any CPU
		{25D58BA5-660F-407B-803C-22B4547C09DC}.Debug|Any CPU.ActiveCfg = Debug|Any CPU
		{25D58BA5-660F-407B-803C-22B4547C09DC}.Debug|Any CPU.Build.0 = Debug|Any CPU
		{25D58BA5-660F-407B-803C-22B4547C09DC}.Debug|ARM.ActiveCfg = Debug|Any CPU
		{25D58BA5-660F-407B-803C-22B4547C09DC}.Debug|ARM.Build.0 = Debug|Any CPU
		{25D58BA5-660F-407B-803C-22B4547C09DC}.Debug|iPhone.ActiveCfg = Debug|Any CPU
		{25D58BA5-660F-407B-803C-22B4547C09DC}.Debug|iPhone.Build.0 = Debug|Any CPU
		{25D58BA5-660F-407B-803C-22B4547C09DC}.Debug|iPhoneSimulator.ActiveCfg = Debug|Any CPU
		{25D58BA5-660F-407B-803C-22B4547C09DC}.Debug|iPhoneSimulator.Build.0 = Debug|Any CPU
		{25D58BA5-660F-407B-803C-22B4547C09DC}.Debug|x64.ActiveCfg = Debug|Any CPU
		{25D58BA5-660F-407B-803C-22B4547C09DC}.Debug|x64.Build.0 = Debug|Any CPU
		{25D58BA5-660F-407B-803C-22B4547C09DC}.Debug|x86.ActiveCfg = Debug|Any CPU
		{25D58BA5-660F-407B-803C-22B4547C09DC}.Debug|x86.Build.0 = Debug|Any CPU
		{25D58BA5-660F-407B-803C-22B4547C09DC}.Release|Any CPU.ActiveCfg = Release|Any CPU
		{25D58BA5-660F-407B-803C-22B4547C09DC}.Release|Any CPU.Build.0 = Release|Any CPU
		{25D58BA5-660F-407B-803C-22B4547C09DC}.Release|ARM.ActiveCfg = Release|Any CPU
		{25D58BA5-660F-407B-803C-22B4547C09DC}.Release|ARM.Build.0 = Release|Any CPU
		{25D58BA5-660F-407B-803C-22B4547C09DC}.Release|iPhone.ActiveCfg = Release|Any CPU
		{25D58BA5-660F-407B-803C-22B4547C09DC}.Release|iPhone.Build.0 = Release|Any CPU
		{25D58BA5-660F-407B-803C-22B4547C09DC}.Release|iPhoneSimulator.ActiveCfg = Release|Any CPU
		{25D58BA5-660F-407B-803C-22B4547C09DC}.Release|iPhoneSimulator.Build.0 = Release|Any CPU
		{25D58BA5-660F-407B-803C-22B4547C09DC}.Release|x64.ActiveCfg = Release|Any CPU
		{25D58BA5-660F-407B-803C-22B4547C09DC}.Release|x64.Build.0 = Release|Any CPU
		{25D58BA5-660F-407B-803C-22B4547C09DC}.Release|x86.ActiveCfg = Release|Any CPU
		{25D58BA5-660F-407B-803C-22B4547C09DC}.Release|x86.Build.0 = Release|Any CPU
		{CC79E560-3B15-4CAE-B6EC-79168F079E63}.Ad-Hoc|Any CPU.ActiveCfg = Release|Any CPU
		{CC79E560-3B15-4CAE-B6EC-79168F079E63}.Ad-Hoc|Any CPU.Build.0 = Release|Any CPU
		{CC79E560-3B15-4CAE-B6EC-79168F079E63}.Ad-Hoc|Any CPU.Deploy.0 = Release|Any CPU
		{CC79E560-3B15-4CAE-B6EC-79168F079E63}.Ad-Hoc|ARM.ActiveCfg = Debug|Any CPU
		{CC79E560-3B15-4CAE-B6EC-79168F079E63}.Ad-Hoc|ARM.Build.0 = Debug|Any CPU
		{CC79E560-3B15-4CAE-B6EC-79168F079E63}.Ad-Hoc|ARM.Deploy.0 = Debug|Any CPU
		{CC79E560-3B15-4CAE-B6EC-79168F079E63}.Ad-Hoc|iPhone.ActiveCfg = Release|Any CPU
		{CC79E560-3B15-4CAE-B6EC-79168F079E63}.Ad-Hoc|iPhone.Build.0 = Release|Any CPU
		{CC79E560-3B15-4CAE-B6EC-79168F079E63}.Ad-Hoc|iPhone.Deploy.0 = Release|Any CPU
		{CC79E560-3B15-4CAE-B6EC-79168F079E63}.Ad-Hoc|iPhoneSimulator.ActiveCfg = Release|Any CPU
		{CC79E560-3B15-4CAE-B6EC-79168F079E63}.Ad-Hoc|iPhoneSimulator.Build.0 = Release|Any CPU
		{CC79E560-3B15-4CAE-B6EC-79168F079E63}.Ad-Hoc|iPhoneSimulator.Deploy.0 = Release|Any CPU
		{CC79E560-3B15-4CAE-B6EC-79168F079E63}.Ad-Hoc|x64.ActiveCfg = Debug|Any CPU
		{CC79E560-3B15-4CAE-B6EC-79168F079E63}.Ad-Hoc|x64.Build.0 = Debug|Any CPU
		{CC79E560-3B15-4CAE-B6EC-79168F079E63}.Ad-Hoc|x64.Deploy.0 = Debug|Any CPU
		{CC79E560-3B15-4CAE-B6EC-79168F079E63}.Ad-Hoc|x86.ActiveCfg = Debug|Any CPU
		{CC79E560-3B15-4CAE-B6EC-79168F079E63}.Ad-Hoc|x86.Build.0 = Debug|Any CPU
		{CC79E560-3B15-4CAE-B6EC-79168F079E63}.Ad-Hoc|x86.Deploy.0 = Debug|Any CPU
		{CC79E560-3B15-4CAE-B6EC-79168F079E63}.AppStore|Any CPU.ActiveCfg = Release|Any CPU
		{CC79E560-3B15-4CAE-B6EC-79168F079E63}.AppStore|Any CPU.Build.0 = Release|Any CPU
		{CC79E560-3B15-4CAE-B6EC-79168F079E63}.AppStore|Any CPU.Deploy.0 = Release|Any CPU
		{CC79E560-3B15-4CAE-B6EC-79168F079E63}.AppStore|ARM.ActiveCfg = Debug|Any CPU
		{CC79E560-3B15-4CAE-B6EC-79168F079E63}.AppStore|ARM.Build.0 = Debug|Any CPU
		{CC79E560-3B15-4CAE-B6EC-79168F079E63}.AppStore|ARM.Deploy.0 = Debug|Any CPU
		{CC79E560-3B15-4CAE-B6EC-79168F079E63}.AppStore|iPhone.ActiveCfg = Release|Any CPU
		{CC79E560-3B15-4CAE-B6EC-79168F079E63}.AppStore|iPhone.Build.0 = Release|Any CPU
		{CC79E560-3B15-4CAE-B6EC-79168F079E63}.AppStore|iPhone.Deploy.0 = Release|Any CPU
		{CC79E560-3B15-4CAE-B6EC-79168F079E63}.AppStore|iPhoneSimulator.ActiveCfg = Release|Any CPU
		{CC79E560-3B15-4CAE-B6EC-79168F079E63}.AppStore|iPhoneSimulator.Build.0 = Release|Any CPU
		{CC79E560-3B15-4CAE-B6EC-79168F079E63}.AppStore|iPhoneSimulator.Deploy.0 = Release|Any CPU
		{CC79E560-3B15-4CAE-B6EC-79168F079E63}.AppStore|x64.ActiveCfg = Debug|Any CPU
		{CC79E560-3B15-4CAE-B6EC-79168F079E63}.AppStore|x64.Build.0 = Debug|Any CPU
		{CC79E560-3B15-4CAE-B6EC-79168F079E63}.AppStore|x64.Deploy.0 = Debug|Any CPU
		{CC79E560-3B15-4CAE-B6EC-79168F079E63}.AppStore|x86.ActiveCfg = Debug|Any CPU
		{CC79E560-3B15-4CAE-B6EC-79168F079E63}.AppStore|x86.Build.0 = Debug|Any CPU
		{CC79E560-3B15-4CAE-B6EC-79168F079E63}.AppStore|x86.Deploy.0 = Debug|Any CPU
		{CC79E560-3B15-4CAE-B6EC-79168F079E63}.Debug|Any CPU.ActiveCfg = Debug|Any CPU
		{CC79E560-3B15-4CAE-B6EC-79168F079E63}.Debug|Any CPU.Build.0 = Debug|Any CPU
		{CC79E560-3B15-4CAE-B6EC-79168F079E63}.Debug|Any CPU.Deploy.0 = Debug|Any CPU
		{CC79E560-3B15-4CAE-B6EC-79168F079E63}.Debug|ARM.ActiveCfg = Debug|Any CPU
		{CC79E560-3B15-4CAE-B6EC-79168F079E63}.Debug|ARM.Build.0 = Debug|Any CPU
		{CC79E560-3B15-4CAE-B6EC-79168F079E63}.Debug|ARM.Deploy.0 = Debug|Any CPU
		{CC79E560-3B15-4CAE-B6EC-79168F079E63}.Debug|iPhone.ActiveCfg = Debug|Any CPU
		{CC79E560-3B15-4CAE-B6EC-79168F079E63}.Debug|iPhone.Build.0 = Debug|Any CPU
		{CC79E560-3B15-4CAE-B6EC-79168F079E63}.Debug|iPhone.Deploy.0 = Debug|Any CPU
		{CC79E560-3B15-4CAE-B6EC-79168F079E63}.Debug|iPhoneSimulator.ActiveCfg = Debug|Any CPU
		{CC79E560-3B15-4CAE-B6EC-79168F079E63}.Debug|iPhoneSimulator.Build.0 = Debug|Any CPU
		{CC79E560-3B15-4CAE-B6EC-79168F079E63}.Debug|iPhoneSimulator.Deploy.0 = Debug|Any CPU
		{CC79E560-3B15-4CAE-B6EC-79168F079E63}.Debug|x64.ActiveCfg = Debug|Any CPU
		{CC79E560-3B15-4CAE-B6EC-79168F079E63}.Debug|x64.Build.0 = Debug|Any CPU
		{CC79E560-3B15-4CAE-B6EC-79168F079E63}.Debug|x64.Deploy.0 = Debug|Any CPU
		{CC79E560-3B15-4CAE-B6EC-79168F079E63}.Debug|x86.ActiveCfg = Debug|Any CPU
		{CC79E560-3B15-4CAE-B6EC-79168F079E63}.Debug|x86.Build.0 = Debug|Any CPU
		{CC79E560-3B15-4CAE-B6EC-79168F079E63}.Debug|x86.Deploy.0 = Debug|Any CPU
		{CC79E560-3B15-4CAE-B6EC-79168F079E63}.Release|Any CPU.ActiveCfg = Release|Any CPU
		{CC79E560-3B15-4CAE-B6EC-79168F079E63}.Release|Any CPU.Build.0 = Release|Any CPU
		{CC79E560-3B15-4CAE-B6EC-79168F079E63}.Release|Any CPU.Deploy.0 = Release|Any CPU
		{CC79E560-3B15-4CAE-B6EC-79168F079E63}.Release|ARM.ActiveCfg = Release|Any CPU
		{CC79E560-3B15-4CAE-B6EC-79168F079E63}.Release|ARM.Build.0 = Release|Any CPU
		{CC79E560-3B15-4CAE-B6EC-79168F079E63}.Release|ARM.Deploy.0 = Release|Any CPU
		{CC79E560-3B15-4CAE-B6EC-79168F079E63}.Release|iPhone.ActiveCfg = Release|Any CPU
		{CC79E560-3B15-4CAE-B6EC-79168F079E63}.Release|iPhone.Build.0 = Release|Any CPU
		{CC79E560-3B15-4CAE-B6EC-79168F079E63}.Release|iPhone.Deploy.0 = Release|Any CPU
		{CC79E560-3B15-4CAE-B6EC-79168F079E63}.Release|iPhoneSimulator.ActiveCfg = Release|Any CPU
		{CC79E560-3B15-4CAE-B6EC-79168F079E63}.Release|iPhoneSimulator.Build.0 = Release|Any CPU
		{CC79E560-3B15-4CAE-B6EC-79168F079E63}.Release|iPhoneSimulator.Deploy.0 = Release|Any CPU
		{CC79E560-3B15-4CAE-B6EC-79168F079E63}.Release|x64.ActiveCfg = Release|Any CPU
		{CC79E560-3B15-4CAE-B6EC-79168F079E63}.Release|x64.Build.0 = Release|Any CPU
		{CC79E560-3B15-4CAE-B6EC-79168F079E63}.Release|x64.Deploy.0 = Release|Any CPU
		{CC79E560-3B15-4CAE-B6EC-79168F079E63}.Release|x86.ActiveCfg = Release|Any CPU
		{CC79E560-3B15-4CAE-B6EC-79168F079E63}.Release|x86.Build.0 = Release|Any CPU
		{CC79E560-3B15-4CAE-B6EC-79168F079E63}.Release|x86.Deploy.0 = Release|Any CPU
	EndGlobalSection
	GlobalSection(SolutionProperties) = preSolution
		HideSolutionNode = FALSE
	EndGlobalSection
	GlobalSection(ExtensibilityGlobals) = postSolution
		SolutionGuid = {DF48C31D-23A8-4240-BB49-9CE9AF07FE81}
	EndGlobalSection
EndGlobal
